%{"pollution": {:hex, :pollution, "0.9.0", "2d172aeedc444f0fc06a69b03bb6a560fb141bcafcc0c8189c29b10ee6e50893", [:mix], []},
  "quixir": {:hex, :quixir, "0.9.1", "b9a45930f330ba485c1cb976afc9f5ceb14ebbe10faf755e0796bb971396c37c", [:mix], [{:pollution, "~> 0.9", [hex: :pollution, optional: false]}]}}
